// !$*UTF8*$!
{
	archiveVersion = 1;
	classes = {
	};
	objectVersion = 46;
	objects = {

/* Begin PBXBuildFile section */
		349078511C20FBFD0055E75C /* main.m in Sources */ = {isa = PBXBuildFile; fileRef = 349078501C20FBFD0055E75C /* main.m */; };
		349078541C20FBFD0055E75C /* AppDelegate.m in Sources */ = {isa = PBXBuildFile; fileRef = 349078531C20FBFD0055E75C /* AppDelegate.m */; };
		349078571C20FBFD0055E75C /* ViewController.m in Sources */ = {isa = PBXBuildFile; fileRef = 349078561C20FBFD0055E75C /* ViewController.m */; };
		3490785A1C20FBFD0055E75C /* Main.storyboard in Resources */ = {isa = PBXBuildFile; fileRef = 349078581C20FBFD0055E75C /* Main.storyboard */; };
		3490785C1C20FBFD0055E75C /* Assets.xcassets in Resources */ = {isa = PBXBuildFile; fileRef = 3490785B1C20FBFD0055E75C /* Assets.xcassets */; };
		3490785F1C20FBFD0055E75C /* LaunchScreen.storyboard in Resources */ = {isa = PBXBuildFile; fileRef = 3490785D1C20FBFD0055E75C /* LaunchScreen.storyboard */; };
		3490786A1C20FBFE0055E75C /* TestReachability2G3G4GDemoTests.m in Sources */ = {isa = PBXBuildFile; fileRef = 349078691C20FBFE0055E75C /* TestReachability2G3G4GDemoTests.m */; };
		349078751C20FBFE0055E75C /* TestReachability2G3G4GDemoUITests.m in Sources */ = {isa = PBXBuildFile; fileRef = 349078741C20FBFE0055E75C /* TestReachability2G3G4GDemoUITests.m */; };
		349078841C210AB00055E75C /* Reachability.m in Sources */ = {isa = PBXBuildFile; fileRef = 349078831C210AB00055E75C /* Reachability.m */; };
/* End PBXBuildFile section */

/* Begin PBXContainerItemProxy section */
		349078661C20FBFE0055E75C /* PBXContainerItemProxy */ = {
			isa = PBXContainerItemProxy;
			containerPortal = 349078441C20FBFD0055E75C /* Project object */;
			proxyType = 1;
			remoteGlobalIDString = 3490784B1C20FBFD0055E75C;
			remoteInfo = TestReachability2G3G4GDemo;
		};
		349078711C20FBFE0055E75C /* PBXContainerItemProxy */ = {
			isa = PBXContainerItemProxy;
			containerPortal = 349078441C20FBFD0055E75C /* Project object */;
			proxyType = 1;
			remoteGlobalIDString = 3490784B1C20FBFD0055E75C;
			remoteInfo = TestReachability2G3G4GDemo;
		};
/* End PBXContainerItemProxy section */

/* Begin PBXFileReference section */
		3490784C1C20FBFD0055E75C /* TestReachability2G3G4GDemo.app */ = {isa = PBXFileReference; explicitFileType = wrapper.application; includeInIndex = 0; path = TestReachability2G3G4GDemo.app; sourceTree = BUILT_PRODUCTS_DIR; };
		349078501C20FBFD0055E75C /* main.m */ = {isa = PBXFileReference; lastKnownFileType = sourcecode.c.objc; path = main.m; sourceTree = "<group>"; };
		349078521C20FBFD0055E75C /* AppDelegate.h */ = {isa = PBXFileReference; lastKnownFileType = sourcecode.c.h; path = AppDelegate.h; sourceTree = "<group>"; };
		349078531C20FBFD0055E75C /* AppDelegate.m */ = {isa = PBXFileReference; lastKnownFileType = sourcecode.c.objc; path = AppDelegate.m; sourceTree = "<group>"; };
		349078551C20FBFD0055E75C /* ViewController.h */ = {isa = PBXFileReference; lastKnownFileType = sourcecode.c.h; path = ViewController.h; sourceTree = "<group>"; };
		349078561C20FBFD0055E75C /* ViewController.m */ = {isa = PBXFileReference; lastKnownFileType = sourcecode.c.objc; path = ViewController.m; sourceTree = "<group>"; };
		349078591C20FBFD0055E75C /* Base */ = {isa = PBXFileReference; lastKnownFileType = file.storyboard; name = Base; path = Base.lproj/Main.storyboard; sourceTree = "<group>"; };
		3490785B1C20FBFD0055E75C /* Assets.xcassets */ = {isa = PBXFileReference; lastKnownFileType = folder.assetcatalog; path = Assets.xcassets; sourceTree = "<group>"; };
		3490785E1C20FBFD0055E75C /* Base */ = {isa = PBXFileReference; lastKnownFileType = file.storyboard; name = Base; path = Base.lproj/LaunchScreen.storyboard; sourceTree = "<group>"; };
		349078601C20FBFD0055E75C /* Info.plist */ = {isa = PBXFileReference; lastKnownFileType = text.plist.xml; path = Info.plist; sourceTree = "<group>"; };
		349078651C20FBFE0055E75C /* TestReachability2G3G4GDemoTests.xctest */ = {isa = PBXFileReference; explicitFileType = wrapper.cfbundle; includeInIndex = 0; path = TestReachability2G3G4GDemoTests.xctest; sourceTree = BUILT_PRODUCTS_DIR; };
		349078691C20FBFE0055E75C /* TestReachability2G3G4GDemoTests.m */ = {isa = PBXFileReference; lastKnownFileType = sourcecode.c.objc; path = TestReachability2G3G4GDemoTests.m; sourceTree = "<group>"; };
		3490786B1C20FBFE0055E75C /* Info.plist */ = {isa = PBXFileReference; lastKnownFileType = text.plist.xml; path = Info.plist; sourceTree = "<group>"; };
		349078701C20FBFE0055E75C /* TestReachability2G3G4GDemoUITests.xctest */ = {isa = PBXFileReference; explicitFileType = wrapper.cfbundle; includeInIndex = 0; path = TestReachability2G3G4GDemoUITests.xctest; sourceTree = BUILT_PRODUCTS_DIR; };
		349078741C20FBFE0055E75C /* TestReachability2G3G4GDemoUITests.m */ = {isa = PBXFileReference; lastKnownFileType = sourcecode.c.objc; path = TestReachability2G3G4GDemoUITests.m; sourceTree = "<group>"; };
		349078761C20FBFE0055E75C /* Info.plist */ = {isa = PBXFileReference; lastKnownFileType = text.plist.xml; path = Info.plist; sourceTree = "<group>"; };
		349078821C210AB00055E75C /* Reachability.h */ = {isa = PBXFileReference; fileEncoding = 4; lastKnownFileType = sourcecode.c.h; path = Reachability.h; sourceTree = "<group>"; };
		349078831C210AB00055E75C /* Reachability.m */ = {isa = PBXFileReference; fileEncoding = 4; lastKnownFileType = sourcecode.c.objc; path = Reachability.m; sourceTree = "<group>"; };
/* End PBXFileReference section */

/* Begin PBXFrameworksBuildPhase section */
		349078491C20FBFD0055E75C /* Frameworks */ = {
			isa = PBXFrameworksBuildPhase;
			buildActionMask = 2147483647;
			files = (
			);
			runOnlyForDeploymentPostprocessing = 0;
		};
		349078621C20FBFE0055E75C /* Frameworks */ = {
			isa = PBXFrameworksBuildPhase;
			buildActionMask = 2147483647;
			files = (
			);
			runOnlyForDeploymentPostprocessing = 0;
		};
		3490786D1C20FBFE0055E75C /* Frameworks */ = {
			isa = PBXFrameworksBuildPhase;
			buildActionMask = 2147483647;
			files = (
			);
			runOnlyForDeploymentPostprocessing = 0;
		};
/* End PBXFrameworksBuildPhase section */

/* Begin PBXGroup section */
		349078431C20FBFD0055E75C = {
			isa = PBXGroup;
			children = (
				349078821C210AB00055E75C /* Reachability.h */,
				349078831C210AB00055E75C /* Reachability.m */,
				3490784E1C20FBFD0055E75C /* TestReachability2G3G4GDemo */,
				349078681C20FBFE0055E75C /* TestReachability2G3G4GDemoTests */,
				349078731C20FBFE0055E75C /* TestReachability2G3G4GDemoUITests */,
				3490784D1C20FBFD0055E75C /* Products */,
			);
			sourceTree = "<group>";
		};
		3490784D1C20FBFD0055E75C /* Products */ = {
			isa = PBXGroup;
			children = (
				3490784C1C20FBFD0055E75C /* TestReachability2G3G4GDemo.app */,
				349078651C20FBFE0055E75C /* TestReachability2G3G4GDemoTests.xctest */,
				349078701C20FBFE0055E75C /* TestReachability2G3G4GDemoUITests.xctest */,
			);
			name = Products;
			sourceTree = "<group>";
		};
		3490784E1C20FBFD0055E75C /* TestReachability2G3G4GDemo */ = {
			isa = PBXGroup;
			children = (
				349078521C20FBFD0055E75C /* AppDelegate.h */,
				349078531C20FBFD0055E75C /* AppDelegate.m */,
				349078551C20FBFD0055E75C /* ViewController.h */,
				349078561C20FBFD0055E75C /* ViewController.m */,
				349078581C20FBFD0055E75C /* Main.storyboard */,
				3490785B1C20FBFD0055E75C /* Assets.xcassets */,
				3490785D1C20FBFD0055E75C /* LaunchScreen.storyboard */,
				349078601C20FBFD0055E75C /* Info.plist */,
				3490784F1C20FBFD0055E75C /* Supporting Files */,
			);
			path = TestReachability2G3G4GDemo;
			sourceTree = "<group>";
		};
		3490784F1C20FBFD0055E75C /* Supporting Files */ = {
			isa = PBXGroup;
			children = (
				349078501C20FBFD0055E75C /* main.m */,
			);
			name = "Supporting Files";
			sourceTree = "<group>";
		};
		349078681C20FBFE0055E75C /* TestReachability2G3G4GDemoTests */ = {
			isa = PBXGroup;
			children = (
				349078691C20FBFE0055E75C /* TestReachability2G3G4GDemoTests.m */,
				3490786B1C20FBFE0055E75C /* Info.plist */,
			);
			path = TestReachability2G3G4GDemoTests;
			sourceTree = "<group>";
		};
		349078731C20FBFE0055E75C /* TestReachability2G3G4GDemoUITests */ = {
			isa = PBXGroup;
			children = (
				349078741C20FBFE0055E75C /* TestReachability2G3G4GDemoUITests.m */,
				349078761C20FBFE0055E75C /* Info.plist */,
			);
			path = TestReachability2G3G4GDemoUITests;
			sourceTree = "<group>";
		};
/* End PBXGroup section */

/* Begin PBXNativeTarget section */
		3490784B1C20FBFD0055E75C /* TestReachability2G3G4GDemo */ = {
			isa = PBXNativeTarget;
			buildConfigurationList = 349078791C20FBFE0055E75C /* Build configuration list for PBXNativeTarget "TestReachability2G3G4GDemo" */;
			buildPhases = (
				349078481C20FBFD0055E75C /* Sources */,
				349078491C20FBFD0055E75C /* Frameworks */,
				3490784A1C20FBFD0055E75C /* Resources */,
			);
			buildRules = (
			);
			dependencies = (
			);
			name = TestReachability2G3G4GDemo;
			productName = TestReachability2G3G4GDemo;
			productReference = 3490784C1C20FBFD0055E75C /* TestReachability2G3G4GDemo.app */;
			productType = "com.apple.product-type.application";
		};
		349078641C20FBFE0055E75C /* TestReachability2G3G4GDemoTests */ = {
			isa = PBXNativeTarget;
			buildConfigurationList = 3490787C1C20FBFE0055E75C /* Build configuration list for PBXNativeTarget "TestReachability2G3G4GDemoTests" */;
			buildPhases = (
				349078611C20FBFE0055E75C /* Sources */,
				349078621C20FBFE0055E75C /* Frameworks */,
				349078631C20FBFE0055E75C /* Resources */,
			);
			buildRules = (
			);
			dependencies = (
				349078671C20FBFE0055E75C /* PBXTargetDependency */,
			);
			name = TestReachability2G3G4GDemoTests;
			productName = TestReachability2G3G4GDemoTests;
			productReference = 349078651C20FBFE0055E75C /* TestReachability2G3G4GDemoTests.xctest */;
			productType = "com.apple.product-type.bundle.unit-test";
		};
		3490786F1C20FBFE0055E75C /* TestReachability2G3G4GDemoUITests */ = {
			isa = PBXNativeTarget;
			buildConfigurationList = 3490787F1C20FBFE0055E75C /* Build configuration list for PBXNativeTarget "TestReachability2G3G4GDemoUITests" */;
			buildPhases = (
				3490786C1C20FBFE0055E75C /* Sources */,
				3490786D1C20FBFE0055E75C /* Frameworks */,
				3490786E1C20FBFE0055E75C /* Resources */,
			);
			buildRules = (
			);
			dependencies = (
				349078721C20FBFE0055E75C /* PBXTargetDependency */,
			);
			name = TestReachability2G3G4GDemoUITests;
			productName = TestReachability2G3G4GDemoUITests;
			productReference = 349078701C20FBFE0055E75C /* TestReachability2G3G4GDemoUITests.xctest */;
			productType = "com.apple.product-type.bundle.ui-testing";
		};
/* End PBXNativeTarget section */

/* Begin PBXProject section */
		349078441C20FBFD0055E75C /* Project object */ = {
			isa = PBXProject;
			attributes = {
				LastUpgradeCheck = 0710;
				ORGANIZATIONNAME = WR;
				TargetAttributes = {
					3490784B1C20FBFD0055E75C = {
						CreatedOnToolsVersion = 7.1;
					};
					349078641C20FBFE0055E75C = {
						CreatedOnToolsVersion = 7.1;
						TestTargetID = 3490784B1C20FBFD0055E75C;
					};
					3490786F1C20FBFE0055E75C = {
						CreatedOnToolsVersion = 7.1;
						TestTargetID = 3490784B1C20FBFD0055E75C;
					};
				};
			};
			buildConfigurationList = 349078471C20FBFD0055E75C /* Build configuration list for PBXProject "TestReachability2G3G4GDemo" */;
			compatibilityVersion = "Xcode 3.2";
			developmentRegion = English;
			hasScannedForEncodings = 0;
			knownRegions = (
				en,
				Base,
			);
			mainGroup = 349078431C20FBFD0055E75C;
			productRefGroup = 3490784D1C20FBFD0055E75C /* Products */;
			projectDirPath = "";
			projectRoot = "";
			targets = (
				3490784B1C20FBFD0055E75C /* TestReachability2G3G4GDemo */,
				349078641C20FBFE0055E75C /* TestReachability2G3G4GDemoTests */,
				3490786F1C20FBFE0055E75C /* TestReachability2G3G4GDemoUITests */,
			);
		};
/* End PBXProject section */

/* Begin PBXResourcesBuildPhase section */
		3490784A1C20FBFD0055E75C /* Resources */ = {
			isa = PBXResourcesBuildPhase;
			buildActionMask = 2147483647;
			files = (
				3490785F1C20FBFD0055E75C /* LaunchScreen.storyboard in Resources */,
				3490785C1C20FBFD0055E75C /* Assets.xcassets in Resources */,
				3490785A1C20FBFD0055E75C /* Main.storyboard in Resources */,
			);
			runOnlyForDeploymentPostprocessing = 0;
		};
		349078631C20FBFE0055E75C /* Resources */ = {
			isa = PBXResourcesBuildPhase;
			buildActionMask = 2147483647;
			files = (
			);
			runOnlyForDeploymentPostprocessing = 0;
		};
		3490786E1C20FBFE0055E75C /* Resources */ = {
			isa = PBXResourcesBuildPhase;
			buildActionMask = 2147483647;
			files = (
			);
			runOnlyForDeploymentPostprocessing = 0;
		};
/* End PBXResourcesBuildPhase section */

/* Begin PBXSourcesBuildPhase section */
		349078481C20FBFD0055E75C /* Sources */ = {
			isa = PBXSourcesBuildPhase;
			buildActionMask = 2147483647;
			files = (
				349078571C20FBFD0055E75C /* ViewController.m in Sources */,
				349078541C20FBFD0055E75C /* AppDelegate.m in Sources */,
				349078841C210AB00055E75C /* Reachability.m in Sources */,
				349078511C20FBFD0055E75C /* main.m in Sources */,
			);
			runOnlyForDeploymentPostprocessing = 0;
		};
		349078611C20FBFE0055E75C /* Sources */ = {
			isa = PBXSourcesBuildPhase;
			buildActionMask = 2147483647;
			files = (
				3490786A1C20FBFE0055E75C /* TestReachability2G3G4GDemoTests.m in Sources */,
			);
			runOnlyForDeploymentPostprocessing = 0;
		};
		3490786C1C20FBFE0055E75C /* Sources */ = {
			isa = PBXSourcesBuildPhase;
			buildActionMask = 2147483647;
			files = (
				349078751C20FBFE0055E75C /* TestReachability2G3G4GDemoUITests.m in Sources */,
			);
			runOnlyForDeploymentPostprocessing = 0;
		};
/* End PBXSourcesBuildPhase section */

/* Begin PBXTargetDependency section */
		349078671C20FBFE0055E75C /* PBXTargetDependency */ = {
			isa = PBXTargetDependency;
			target = 3490784B1C20FBFD0055E75C /* TestReachability2G3G4GDemo */;
			targetProxy = 349078661C20FBFE0055E75C /* PBXContainerItemProxy */;
		};
		349078721C20FBFE0055E75C /* PBXTargetDependency */ = {
			isa = PBXTargetDependency;
			target = 3490784B1C20FBFD0055E75C /* TestReachability2G3G4GDemo */;
			targetProxy = 349078711C20FBFE0055E75C /* PBXContainerItemProxy */;
		};
/* End PBXTargetDependency section */

/* Begin PBXVariantGroup section */
		349078581C20FBFD0055E75C /* Main.storyboard */ = {
			isa = PBXVariantGroup;
			children = (
				349078591C20FBFD0055E75C /* Base */,
			);
			name = Main.storyboard;
			sourceTree = "<group>";
		};
		3490785D1C20FBFD0055E75C /* LaunchScreen.storyboard */ = {
			isa = PBXVariantGroup;
			children = (
				3490785E1C20FBFD0055E75C /* Base */,
			);
			name = LaunchScreen.storyboard;
			sourceTree = "<group>";
		};
/* End PBXVariantGroup section */

/* Begin XCBuildConfiguration section */
		349078771C20FBFE0055E75C /* Debug */ = {
			isa = XCBuildConfiguration;
			buildSettings = {
				ALWAYS_SEARCH_USER_PATHS = NO;
				CLANG_CXX_LANGUAGE_STANDARD = "gnu++0x";
				CLANG_CXX_LIBRARY = "libc++";
				CLANG_ENABLE_MODULES = YES;
				CLANG_ENABLE_OBJC_ARC = YES;
				CLANG_WARN_BOOL_CONVERSION = YES;
				CLANG_WARN_CONSTANT_CONVERSION = YES;
				CLANG_WARN_DIRECT_OBJC_ISA_USAGE = YES_ERROR;
				CLANG_WARN_EMPTY_BODY = YES;
				CLANG_WARN_ENUM_CONVERSION = YES;
				CLANG_WARN_INT_CONVERSION = YES;
				CLANG_WARN_OBJC_ROOT_CLASS = YES_ERROR;
				CLANG_WARN_UNREACHABLE_CODE = YES;
				CLANG_WARN__DUPLICATE_METHOD_MATCH = YES;
				"CODE_SIGN_IDENTITY[sdk=iphoneos*]" = "iPhone Developer";
				COPY_PHASE_STRIP = NO;
				DEBUG_INFORMATION_FORMAT = dwarf;
				ENABLE_STRICT_OBJC_MSGSEND = YES;
				ENABLE_TESTABILITY = YES;
				GCC_C_LANGUAGE_STANDARD = gnu99;
				GCC_DYNAMIC_NO_PIC = NO;
				GCC_NO_COMMON_BLOCKS = YES;
				GCC_OPTIMIZATION_LEVEL = 0;
				GCC_PREPROCESSOR_DEFINITIONS = (
					"DEBUG=1",
					"$(inherited)",
				);
				GCC_WARN_64_TO_32_BIT_CONVERSION = YES;
				GCC_WARN_ABOUT_RETURN_TYPE = YES_ERROR;
				GCC_WARN_UNDECLARED_SELECTOR = YES;
				GCC_WARN_UNINITIALIZED_AUTOS = YES_AGGRESSIVE;
				GCC_WARN_UNUSED_FUNCTION = YES;
				GCC_WARN_UNUSED_VARIABLE = YES;
				IPHONEOS_DEPLOYMENT_TARGET = 9.1;
				MTL_ENABLE_DEBUG_INFO = YES;
				ONLY_ACTIVE_ARCH = YES;
				SDKROOT = iphoneos;
				TARGETED_DEVICE_FAMILY = "1,2";
			};
			name = Debug;
		};
		349078781C20FBFE0055E75C /* Release */ = {
			isa = XCBuildConfiguration;
			buildSettings = {
				ALWAYS_SEARCH_USER_PATHS = NO;
				CLANG_CXX_LANGUAGE_STANDARD = "gnu++0x";
				CLANG_CXX_LIBRARY = "libc++";
				CLANG_ENABLE_MODULES = YES;
				CLANG_ENABLE_OBJC_ARC = YES;
				CLANG_WARN_BOOL_CONVERSION = YES;
				CLANG_WARN_CONSTANT_CONVERSION = YES;
				CLANG_WARN_DIRECT_OBJC_ISA_USAGE = YES_ERROR;
				CLANG_WARN_EMPTY_BODY = YES;
				CLANG_WARN_ENUM_CONVERSION = YES;
				CLANG_WARN_INT_CONVERSION = YES;
				CLANG_WARN_OBJC_ROOT_CLASS = YES_ERROR;
				CLANG_WARN_UNREACHABLE_CODE = YES;
				CLANG_WARN__DUPLICATE_METHOD_MATCH = YES;
				"CODE_SIGN_IDENTITY[sdk=iphoneos*]" = "iPhone Developer";
				COPY_PHASE_STRIP = NO;
				DEBUG_INFORMATION_FORMAT = "dwarf-with-dsym";
				ENABLE_NS_ASSERTIONS = NO;
				ENABLE_STRICT_OBJC_MSGSEND = YES;
				GCC_C_LANGUAGE_STANDARD = gnu99;
				GCC_NO_COMMON_BLOCKS = YES;
				GCC_WARN_64_TO_32_BIT_CONVERSION = YES;
				GCC_WARN_ABOUT_RETURN_TYPE = YES_ERROR;
				GCC_WARN_UNDECLARED_SELECTOR = YES;
				GCC_WARN_UNINITIALIZED_AUTOS = YES_AGGRESSIVE;
				GCC_WARN_UNUSED_FUNCTION = YES;
				GCC_WARN_UNUSED_VARIABLE = YES;
				IPHONEOS_DEPLOYMENT_TARGET = 9.1;
				MTL_ENABLE_DEBUG_INFO = NO;
				SDKROOT = iphoneos;
				TARGETED_DEVICE_FAMILY = "1,2";
				VALIDATE_PRODUCT = YES;
			};
			name = Release;
		};
		3490787A1C20FBFE0055E75C /* Debug */ = {
			isa = XCBuildConfiguration;
			buildSettings = {
				ASSETCATALOG_COMPILER_APPICON_NAME = AppIcon;
				INFOPLIST_FILE = TestReachability2G3G4GDemo/Info.plist;
				LD_RUNPATH_SEARCH_PATHS = "$(inherited) @executable_path/Frameworks";
				PRODUCT_BUNDLE_IDENTIFIER = WR.TestReachability2G3G4GDemo;
				PRODUCT_NAME = "$(TARGET_NAME)";
			};
			name = Debug;
		};
		3490787B1C20FBFE0055E75C /* Release */ = {
			isa = XCBuildConfiguration;
			buildSettings = {
				ASSETCATALOG_COMPILER_APPICON_NAME = AppIcon;
				INFOPLIST_FILE = TestReachability2G3G4GDemo/Info.plist;
				LD_RUNPATH_SEARCH_PATHS = "$(inherited) @executable_path/Frameworks";
				PRODUCT_BUNDLE_IDENTIFIER = WR.TestReachability2G3G4GDemo;
				PRODUCT_NAME = "$(TARGET_NAME)";
			};
			name = Release;
		};
		3490787D1C20FBFE0055E75C /* Debug */ = {
			isa = XCBuildConfiguration;
			buildSettings = {
				BUNDLE_LOADER = "$(TEST_HOST)";
				INFOPLIST_FILE = TestReachability2G3G4GDemoTests/Info.plist;
				LD_RUNPATH_SEARCH_PATHS = "$(inherited) @executable_path/Frameworks @loader_path/Frameworks";
				PRODUCT_BUNDLE_IDENTIFIER = WR.TestReachability2G3G4GDemoTests;
				PRODUCT_NAME = "$(TARGET_NAME)";
				TEST_HOST = "$(BUILT_PRODUCTS_DIR)/TestReachability2G3G4GDemo.app/TestReachability2G3G4GDemo";
			};
			name = Debug;
		};
		3490787E1C20FBFE0055E75C /* Release */ = {
			isa = XCBuildConfiguration;
			buildSettings = {
				BUNDLE_LOADER = "$(TEST_HOST)";
				INFOPLIST_FILE = TestReachability2G3G4GDemoTests/Info.plist;
				LD_RUNPATH_SEARCH_PATHS = "$(inherited) @executable_path/Frameworks @loader_path/Frameworks";
				PRODUCT_BUNDLE_IDENTIFIER = WR.TestReachability2G3G4GDemoTests;
				PRODUCT_NAME = "$(TARGET_NAME)";
				TEST_HOST = "$(BUILT_PRODUCTS_DIR)/TestReachability2G3G4GDemo.app/TestReachability2G3G4GDemo";
			};
			name = Release;
		};
		349078801C20FBFE0055E75C /* Debug */ = {
			isa = XCBuildConfiguration;
			buildSettings = {
				INFOPLIST_FILE = TestReachability2G3G4GDemoUITests/Info.plist;
				LD_RUNPATH_SEARCH_PATHS = "$(inherited) @executable_path/Frameworks @loader_path/Frameworks";
				PRODUCT_BUNDLE_IDENTIFIER = WR.TestReachability2G3G4GDemoUITests;
				PRODUCT_NAME = "$(TARGET_NAME)";
				TEST_TARGET_NAME = TestReachability2G3G4GDemo;
				USES_XCTRUNNER = YES;
			};
			name = Debug;
		};
		349078811C20FBFE0055E75C /* Release */ = {
			isa = XCBuildConfiguration;
			buildSettings = {
				INFOPLIST_FILE = TestReachability2G3G4GDemoUITests/Info.plist;
				LD_RUNPATH_SEARCH_PATHS = "$(inherited) @executable_path/Frameworks @loader_path/Frameworks";
				PRODUCT_BUNDLE_IDENTIFIER = WR.TestReachability2G3G4GDemoUITests;
				PRODUCT_NAME = "$(TARGET_NAME)";
				TEST_TARGET_NAME = TestReachability2G3G4GDemo;
				USES_XCTRUNNER = YES;
			};
			name = Release;
		};
/* End XCBuildConfiguration section */

/* Begin XCConfigurationList section */
		349078471C20FBFD0055E75C /* Build configuration list for PBXProject "TestReachability2G3G4GDemo" */ = {
			isa = XCConfigurationList;
			buildConfigurations = (
				349078771C20FBFE0055E75C /* Debug */,
				349078781C20FBFE0055E75C /* Release */,
			);
			defaultConfigurationIsVisible = 0;
			defaultConfigurationName = Release;
		};
		349078791C20FBFE0055E75C /* Build configuration list for PBXNativeTarget "TestReachability2G3G4GDemo" */ = {
			isa = XCConfigurationList;
			buildConfigurations = (
				3490787A1C20FBFE0055E75C /* Debug */,
				3490787B1C20FBFE0055E75C /* Release */,
			);
			defaultConfigurationIsVisible = 0;
		};
		3490787C1C20FBFE0055E75C /* Build configuration list for PBXNativeTarget "TestReachability2G3G4GDemoTests" */ = {
			isa = XCConfigurationList;
			buildConfigurations = (
				3490787D1C20FBFE0055E75C /* Debug */,
				3490787E1C20FBFE0055E75C /* Release */,
			);
			defaultConfigurationIsVisible = 0;
		};
		3490787F1C20FBFE0055E75C /* Build configuration list for PBXNativeTarget "TestReachability2G3G4GDemoUITests" */ = {
			isa = XCConfigurationList;
			buildConfigurations = (
				349078801C20FBFE0055E75C /* Debug */,
				349078811C20FBFE0055E75C /* Release */,
			);
			defaultConfigurationIsVisible = 0;
		};
/* End XCConfigurationList section */
	};
	rootObject = 349078441C20FBFD0055E75C /* Project object */;
}
